// !$*UTF8*$!
{
	archiveVersion = 1;
	classes = {
	};
	objectVersion = 77;
	objects = {

/* Begin PBXBuildFile section */
		6C7EF9442CBA3F5B0080104E /* Kingfisher in Frameworks */ = {isa = PBXBuildFile; productRef = 6C7EF9432CBA3F5B0080104E /* Kingfisher */; };
		6C7EF9472CBA3F6D0080104E /* Alamofire in Frameworks */ = {isa = PBXBuildFile; productRef = 6C7EF9462CBA3F6D0080104E /* Alamofire */; };
		6C7EF94A2CBA3F8D0080104E /* RxBlocking in Frameworks */ = {isa = PBXBuildFile; productRef = 6C7EF9492CBA3F8D0080104E /* RxBlocking */; };
		6C7EF94C2CBA3F8D0080104E /* RxCocoa in Frameworks */ = {isa = PBXBuildFile; productRef = 6C7EF94B2CBA3F8D0080104E /* RxCocoa */; };
		6C7EF94E2CBA3F8D0080104E /* RxRelay in Frameworks */ = {isa = PBXBuildFile; productRef = 6C7EF94D2CBA3F8D0080104E /* RxRelay */; };
		6C7EF9532CBA3FB30080104E /* RealmSwift in Frameworks */ = {isa = PBXBuildFile; productRef = 6C7EF9522CBA3FB30080104E /* RealmSwift */; };
/* End PBXBuildFile section */

/* Begin PBXCopyFilesBuildPhase section */
		6C248B192CBA20870090A062 /* Embed Frameworks */ = {
			isa = PBXCopyFilesBuildPhase;
			buildActionMask = 2147483647;
			dstPath = "";
			dstSubfolderSpec = 10;
			files = (
			);
			name = "Embed Frameworks";
			runOnlyForDeploymentPostprocessing = 0;
		};
/* End PBXCopyFilesBuildPhase section */

/* Begin PBXFileReference section */
		6C248A762CBA15470090A062 /* M-Movie.app */ = {isa = PBXFileReference; explicitFileType = wrapper.application; includeInIndex = 0; path = "M-Movie.app"; sourceTree = BUILT_PRODUCTS_DIR; };
/* End PBXFileReference section */

/* Begin PBXFileSystemSynchronizedBuildFileExceptionSet section */
		6C248A9E2CBA15490090A062 /* Exceptions for "M-Movie" folder in "M-Movie" target */ = {
			isa = PBXFileSystemSynchronizedBuildFileExceptionSet;
			membershipExceptions = (
				Info.plist,
			);
			target = 6C248A752CBA15470090A062 /* M-Movie */;
		};
/* End PBXFileSystemSynchronizedBuildFileExceptionSet section */

/* Begin PBXFileSystemSynchronizedRootGroup section */
		6C248A782CBA15470090A062 /* M-Movie */ = {
			isa = PBXFileSystemSynchronizedRootGroup;
			exceptions = (
				6C248A9E2CBA15490090A062 /* Exceptions for "M-Movie" folder in "M-Movie" target */,
			);
			path = "M-Movie";
			sourceTree = "<group>";
		};
/* End PBXFileSystemSynchronizedRootGroup section */

/* Begin PBXFrameworksBuildPhase section */
		6C248A732CBA15470090A062 /* Frameworks */ = {
			isa = PBXFrameworksBuildPhase;
			buildActionMask = 2147483647;
			files = (
				6C7EF94E2CBA3F8D0080104E /* RxRelay in Frameworks */,
				6C7EF9532CBA3FB30080104E /* RealmSwift in Frameworks */,
				6C7EF9442CBA3F5B0080104E /* Kingfisher in Frameworks */,
				6C7EF94A2CBA3F8D0080104E /* RxBlocking in Frameworks */,
				6C7EF94C2CBA3F8D0080104E /* RxCocoa in Frameworks */,
				6C7EF9472CBA3F6D0080104E /* Alamofire in Frameworks */,
			);
			runOnlyForDeploymentPostprocessing = 0;
		};
/* End PBXFrameworksBuildPhase section */

/* Begin PBXGroup section */
		6C248A6D2CBA15470090A062 = {
			isa = PBXGroup;
			children = (
				6C248A782CBA15470090A062 /* M-Movie */,
				6C248B152CBA20870090A062 /* Frameworks */,
				6C248A772CBA15470090A062 /* Products */,
			);
			sourceTree = "<group>";
		};
		6C248A772CBA15470090A062 /* Products */ = {
			isa = PBXGroup;
			children = (
				6C248A762CBA15470090A062 /* M-Movie.app */,
			);
			name = Products;
			sourceTree = "<group>";
		};
		6C248B152CBA20870090A062 /* Frameworks */ = {
			isa = PBXGroup;
			children = (
			);
			name = Frameworks;
			sourceTree = "<group>";
		};
/* End PBXGroup section */

/* Begin PBXNativeTarget section */
		6C248A752CBA15470090A062 /* M-Movie */ = {
			isa = PBXNativeTarget;
			buildConfigurationList = 6C248A9F2CBA15490090A062 /* Build configuration list for PBXNativeTarget "M-Movie" */;
			buildPhases = (
				6C248A722CBA15470090A062 /* Sources */,
				6C248A732CBA15470090A062 /* Frameworks */,
				6C248A742CBA15470090A062 /* Resources */,
				6C248B192CBA20870090A062 /* Embed Frameworks */,
			);
			buildRules = (
			);
			dependencies = (
			);
			fileSystemSynchronizedGroups = (
				6C248A782CBA15470090A062 /* M-Movie */,
			);
			name = "M-Movie";
			packageProductDependencies = (
				6C7EF9432CBA3F5B0080104E /* Kingfisher */,
				6C7EF9462CBA3F6D0080104E /* Alamofire */,
				6C7EF9492CBA3F8D0080104E /* RxBlocking */,
				6C7EF94B2CBA3F8D0080104E /* RxCocoa */,
				6C7EF94D2CBA3F8D0080104E /* RxRelay */,
				6C7EF9522CBA3FB30080104E /* RealmSwift */,
			);
			productName = "M-Movie";
			productReference = 6C248A762CBA15470090A062 /* M-Movie.app */;
			productType = "com.apple.product-type.application";
		};
/* End PBXNativeTarget section */

/* Begin PBXProject section */
		6C248A6E2CBA15470090A062 /* Project object */ = {
			isa = PBXProject;
			attributes = {
				BuildIndependentTargetsInParallel = 1;
				LastSwiftUpdateCheck = 1600;
				LastUpgradeCheck = 1600;
				TargetAttributes = {
					6C248A752CBA15470090A062 = {
						CreatedOnToolsVersion = 16.0;
					};
				};
			};
			buildConfigurationList = 6C248A712CBA15470090A062 /* Build configuration list for PBXProject "M-Movie" */;
			developmentRegion = en;
			hasScannedForEncodings = 0;
			knownRegions = (
				en,
				Base,
			);
			mainGroup = 6C248A6D2CBA15470090A062;
			minimizedProjectReferenceProxies = 1;
			packageReferences = (
				6C7EF9422CBA3F5B0080104E /* XCRemoteSwiftPackageReference "Kingfisher" */,
				6C7EF9452CBA3F6D0080104E /* XCRemoteSwiftPackageReference "Alamofire" */,
				6C7EF9482CBA3F8D0080104E /* XCRemoteSwiftPackageReference "RxSwift" */,
				6C7EF94F2CBA3FB30080104E /* XCRemoteSwiftPackageReference "realm-swift" */,
			);
			preferredProjectObjectVersion = 77;
			productRefGroup = 6C248A772CBA15470090A062 /* Products */;
			projectDirPath = "";
			projectRoot = "";
			targets = (
				6C248A752CBA15470090A062 /* M-Movie */,
			);
		};
/* End PBXProject section */

/* Begin PBXResourcesBuildPhase section */
		6C248A742CBA15470090A062 /* Resources */ = {
			isa = PBXResourcesBuildPhase;
			buildActionMask = 2147483647;
			files = (
			);
			runOnlyForDeploymentPostprocessing = 0;
		};
/* End PBXResourcesBuildPhase section */

/* Begin PBXSourcesBuildPhase section */
		6C248A722CBA15470090A062 /* Sources */ = {
			isa = PBXSourcesBuildPhase;
			buildActionMask = 2147483647;
			files = (
			);
			runOnlyForDeploymentPostprocessing = 0;
		};
/* End PBXSourcesBuildPhase section */

/* Begin XCBuildConfiguration section */
		6C248AA02CBA15490090A062 /* Debug */ = {
			isa = XCBuildConfiguration;
			buildSettings = {
				ASSETCATALOG_COMPILER_APPICON_NAME = AppIcon;
				ASSETCATALOG_COMPILER_GLOBAL_ACCENT_COLOR_NAME = AccentColor;
				CODE_SIGN_STYLE = Automatic;
				CURRENT_PROJECT_VERSION = 1;
				DEVELOPMENT_TEAM = 4K729M7M73;
				FRAMEWORK_SEARCH_PATHS = RealmSwift;
				GENERATE_INFOPLIST_FILE = YES;
				INFOPLIST_FILE = "M-Movie/Info.plist";
				INFOPLIST_KEY_UIApplicationSupportsIndirectInputEvents = YES;
				INFOPLIST_KEY_UILaunchStoryboardName = LaunchScreen;
				INFOPLIST_KEY_UIMainStoryboardFile = Main;
				INFOPLIST_KEY_UISupportedInterfaceOrientations_iPad = "UIInterfaceOrientationPortrait UIInterfaceOrientationPortraitUpsideDown UIInterfaceOrientationLandscapeLeft UIInterfaceOrientationLandscapeRight";
				INFOPLIST_KEY_UISupportedInterfaceOrientations_iPhone = "UIInterfaceOrientationPortrait UIInterfaceOrientationLandscapeLeft UIInterfaceOrientationLandscapeRight";
				LD_RUNPATH_SEARCH_PATHS = (
					"$(inherited)",
					"@executable_path/Frameworks",
				);
				MARKETING_VERSION = 1.0;
				PRODUCT_BUNDLE_IDENTIFIER = "com.saya.M-Movie";
				PRODUCT_NAME = "$(TARGET_NAME)";
				SWIFT_EMIT_LOC_STRINGS = YES;
				SWIFT_VERSION = 5.0;
				TARGETED_DEVICE_FAMILY = "1,2";
			};
			name = Debug;
		};
		6C248AA12CBA15490090A062 /* Release */ = {
			isa = XCBuildConfiguration;
			buildSettings = {
				ASSETCATALOG_COMPILER_APPICON_NAME = AppIcon;
				ASSETCATALOG_COMPILER_GLOBAL_ACCENT_COLOR_NAME = AccentColor;
				CODE_SIGN_STYLE = Automatic;
				CURRENT_PROJECT_VERSION = 1;
				DEVELOPMENT_TEAM = 4K729M7M73;
				FRAMEWORK_SEARCH_PATHS = RealmSwift;
				GENERATE_INFOPLIST_FILE = YES;
				INFOPLIST_FILE = "M-Movie/Info.plist";
				INFOPLIST_KEY_UIApplicationSupportsIndirectInputEvents = YES;
				INFOPLIST_KEY_UILaunchStoryboardName = LaunchScreen;
				INFOPLIST_KEY_UIMainStoryboardFile = Main;
				INFOPLIST_KEY_UISupportedInterfaceOrientations_iPad = "UIInterfaceOrientationPortrait UIInterfaceOrientationPortraitUpsideDown UIInterfaceOrientationLandscapeLeft UIInterfaceOrientationLandscapeRight";
				INFOPLIST_KEY_UISupportedInterfaceOrientations_iPhone = "UIInterfaceOrientationPortrait UIInterfaceOrientationLandscapeLeft UIInterfaceOrientationLandscapeRight";
				LD_RUNPATH_SEARCH_PATHS = (
					"$(inherited)",
					"@executable_path/Frameworks",
				);
				MARKETING_VERSION = 1.0;
				PRODUCT_BUNDLE_IDENTIFIER = "com.saya.M-Movie";
				PRODUCT_NAME = "$(TARGET_NAME)";
				SWIFT_EMIT_LOC_STRINGS = YES;
				SWIFT_VERSION = 5.0;
				TARGETED_DEVICE_FAMILY = "1,2";
			};
			name = Release;
		};
		6C248AA22CBA15490090A062 /* Debug */ = {
			isa = XCBuildConfiguration;
			buildSettings = {
				ALWAYS_SEARCH_USER_PATHS = NO;
				ASSETCATALOG_COMPILER_GENERATE_SWIFT_ASSET_SYMBOL_EXTENSIONS = YES;
				CLANG_ANALYZER_NONNULL = YES;
				CLANG_ANALYZER_NUMBER_OBJECT_CONVERSION = YES_AGGRESSIVE;
				CLANG_CXX_LANGUAGE_STANDARD = "gnu++20";
				CLANG_ENABLE_MODULES = YES;
				CLANG_ENABLE_OBJC_ARC = YES;
				CLANG_ENABLE_OBJC_WEAK = YES;
				CLANG_WARN_BLOCK_CAPTURE_AUTORELEASING = YES;
				CLANG_WARN_BOOL_CONVERSION = YES;
				CLANG_WARN_COMMA = YES;
				CLANG_WARN_CONSTANT_CONVERSION = YES;
				CLANG_WARN_DEPRECATED_OBJC_IMPLEMENTATIONS = YES;
				CLANG_WARN_DIRECT_OBJC_ISA_USAGE = YES_ERROR;
				CLANG_WARN_DOCUMENTATION_COMMENTS = YES;
				CLANG_WARN_EMPTY_BODY = YES;
				CLANG_WARN_ENUM_CONVERSION = YES;
				CLANG_WARN_INFINITE_RECURSION = YES;
				CLANG_WARN_INT_CONVERSION = YES;
				CLANG_WARN_NON_LITERAL_NULL_CONVERSION = YES;
				CLANG_WARN_OBJC_IMPLICIT_RETAIN_SELF = YES;
				CLANG_WARN_OBJC_LITERAL_CONVERSION = YES;
				CLANG_WARN_OBJC_ROOT_CLASS = YES_ERROR;
				CLANG_WARN_QUOTED_INCLUDE_IN_FRAMEWORK_HEADER = YES;
				CLANG_WARN_RANGE_LOOP_ANALYSIS = YES;
				CLANG_WARN_STRICT_PROTOTYPES = YES;
				CLANG_WARN_SUSPICIOUS_MOVE = YES;
				CLANG_WARN_UNGUARDED_AVAILABILITY = YES_AGGRESSIVE;
				CLANG_WARN_UNREACHABLE_CODE = YES;
				CLANG_WARN__DUPLICATE_METHOD_MATCH = YES;
				COPY_PHASE_STRIP = NO;
				DEBUG_INFORMATION_FORMAT = dwarf;
				ENABLE_STRICT_OBJC_MSGSEND = YES;
				ENABLE_TESTABILITY = YES;
				ENABLE_USER_SCRIPT_SANDBOXING = YES;
				GCC_C_LANGUAGE_STANDARD = gnu17;
				GCC_DYNAMIC_NO_PIC = NO;
				GCC_NO_COMMON_BLOCKS = YES;
				GCC_OPTIMIZATION_LEVEL = 0;
				GCC_PREPROCESSOR_DEFINITIONS = (
					"DEBUG=1",
					"$(inherited)",
				);
				GCC_WARN_64_TO_32_BIT_CONVERSION = YES;
				GCC_WARN_ABOUT_RETURN_TYPE = YES_ERROR;
				GCC_WARN_UNDECLARED_SELECTOR = YES;
				GCC_WARN_UNINITIALIZED_AUTOS = YES_AGGRESSIVE;
				GCC_WARN_UNUSED_FUNCTION = YES;
				GCC_WARN_UNUSED_VARIABLE = YES;
				IPHONEOS_DEPLOYMENT_TARGET = 18.0;
				LOCALIZATION_PREFERS_STRING_CATALOGS = YES;
				MTL_ENABLE_DEBUG_INFO = INCLUDE_SOURCE;
				MTL_FAST_MATH = YES;
				ONLY_ACTIVE_ARCH = YES;
				SDKROOT = iphoneos;
				SWIFT_ACTIVE_COMPILATION_CONDITIONS = "DEBUG $(inherited)";
				SWIFT_OPTIMIZATION_LEVEL = "-Onone";
			};
			name = Debug;
		};
		6C248AA32CBA15490090A062 /* Release */ = {
			isa = XCBuildConfiguration;
			buildSettings = {
				ALWAYS_SEARCH_USER_PATHS = NO;
				ASSETCATALOG_COMPILER_GENERATE_SWIFT_ASSET_SYMBOL_EXTENSIONS = YES;
				CLANG_ANALYZER_NONNULL = YES;
				CLANG_ANALYZER_NUMBER_OBJECT_CONVERSION = YES_AGGRESSIVE;
				CLANG_CXX_LANGUAGE_STANDARD = "gnu++20";
				CLANG_ENABLE_MODULES = YES;
				CLANG_ENABLE_OBJC_ARC = YES;
				CLANG_ENABLE_OBJC_WEAK = YES;
				CLANG_WARN_BLOCK_CAPTURE_AUTORELEASING = YES;
				CLANG_WARN_BOOL_CONVERSION = YES;
				CLANG_WARN_COMMA = YES;
				CLANG_WARN_CONSTANT_CONVERSION = YES;
				CLANG_WARN_DEPRECATED_OBJC_IMPLEMENTATIONS = YES;
				CLANG_WARN_DIRECT_OBJC_ISA_USAGE = YES_ERROR;
				CLANG_WARN_DOCUMENTATION_COMMENTS = YES;
				CLANG_WARN_EMPTY_BODY = YES;
				CLANG_WARN_ENUM_CONVERSION = YES;
				CLANG_WARN_INFINITE_RECURSION = YES;
				CLANG_WARN_INT_CONVERSION = YES;
				CLANG_WARN_NON_LITERAL_NULL_CONVERSION = YES;
				CLANG_WARN_OBJC_IMPLICIT_RETAIN_SELF = YES;
				CLANG_WARN_OBJC_LITERAL_CONVERSION = YES;
				CLANG_WARN_OBJC_ROOT_CLASS = YES_ERROR;
				CLANG_WARN_QUOTED_INCLUDE_IN_FRAMEWORK_HEADER = YES;
				CLANG_WARN_RANGE_LOOP_ANALYSIS = YES;
				CLANG_WARN_STRICT_PROTOTYPES = YES;
				CLANG_WARN_SUSPICIOUS_MOVE = YES;
				CLANG_WARN_UNGUARDED_AVAILABILITY = YES_AGGRESSIVE;
				CLANG_WARN_UNREACHABLE_CODE = YES;
				CLANG_WARN__DUPLICATE_METHOD_MATCH = YES;
				COPY_PHASE_STRIP = NO;
				DEBUG_INFORMATION_FORMAT = "dwarf-with-dsym";
				ENABLE_NS_ASSERTIONS = NO;
				ENABLE_STRICT_OBJC_MSGSEND = YES;
				ENABLE_USER_SCRIPT_SANDBOXING = YES;
				GCC_C_LANGUAGE_STANDARD = gnu17;
				GCC_NO_COMMON_BLOCKS = YES;
				GCC_WARN_64_TO_32_BIT_CONVERSION = YES;
				GCC_WARN_ABOUT_RETURN_TYPE = YES_ERROR;
				GCC_WARN_UNDECLARED_SELECTOR = YES;
				GCC_WARN_UNINITIALIZED_AUTOS = YES_AGGRESSIVE;
				GCC_WARN_UNUSED_FUNCTION = YES;
				GCC_WARN_UNUSED_VARIABLE = YES;
				IPHONEOS_DEPLOYMENT_TARGET = 18.0;
				LOCALIZATION_PREFERS_STRING_CATALOGS = YES;
				MTL_ENABLE_DEBUG_INFO = NO;
				MTL_FAST_MATH = YES;
				SDKROOT = iphoneos;
				SWIFT_COMPILATION_MODE = wholemodule;
				VALIDATE_PRODUCT = YES;
			};
			name = Release;
		};
/* End XCBuildConfiguration section */

/* Begin XCConfigurationList section */
		6C248A712CBA15470090A062 /* Build configuration list for PBXProject "M-Movie" */ = {
			isa = XCConfigurationList;
			buildConfigurations = (
				6C248AA22CBA15490090A062 /* Debug */,
				6C248AA32CBA15490090A062 /* Release */,
			);
			defaultConfigurationIsVisible = 0;
			defaultConfigurationName = Release;
		};
		6C248A9F2CBA15490090A062 /* Build configuration list for PBXNativeTarget "M-Movie" */ = {
			isa = XCConfigurationList;
			buildConfigurations = (
				6C248AA02CBA15490090A062 /* Debug */,
				6C248AA12CBA15490090A062 /* Release */,
			);
			defaultConfigurationIsVisible = 0;
			defaultConfigurationName = Release;
		};
/* End XCConfigurationList section */

/* Begin XCRemoteSwiftPackageReference section */
		6C7EF9422CBA3F5B0080104E /* XCRemoteSwiftPackageReference "Kingfisher" */ = {
			isa = XCRemoteSwiftPackageReference;
			repositoryURL = "https://github.com/onevcat/Kingfisher.git";
			requirement = {
				kind = upToNextMajorVersion;
				minimumVersion = 8.0.3;
			};
		};
		6C7EF9452CBA3F6D0080104E /* XCRemoteSwiftPackageReference "Alamofire" */ = {
			isa = XCRemoteSwiftPackageReference;
			repositoryURL = "https://github.com/Alamofire/Alamofire.git";
			requirement = {
				kind = upToNextMajorVersion;
				minimumVersion = 5.9.1;
			};
		};
		6C7EF9482CBA3F8D0080104E /* XCRemoteSwiftPackageReference "RxSwift" */ = {
			isa = XCRemoteSwiftPackageReference;
			repositoryURL = "https://github.com/ReactiveX/RxSwift.git";
			requirement = {
				kind = upToNextMajorVersion;
				minimumVersion = 6.8.0;
			};
		};
		6C7EF94F2CBA3FB30080104E /* XCRemoteSwiftPackageReference "realm-swift" */ = {
			isa = XCRemoteSwiftPackageReference;
			repositoryURL = "https://github.com/realm/realm-swift.git";
			requirement = {
				branch = master;
				kind = branch;
			};
		};
/* End XCRemoteSwiftPackageReference section */

/* Begin XCSwiftPackageProductDependency section */
		6C7EF9432CBA3F5B0080104E /* Kingfisher */ = {
			isa = XCSwiftPackageProductDependency;
			package = 6C7EF9422CBA3F5B0080104E /* XCRemoteSwiftPackageReference "Kingfisher" */;
			productName = Kingfisher;
		};
		6C7EF9462CBA3F6D0080104E /* Alamofire */ = {
			isa = XCSwiftPackageProductDependency;
			package = 6C7EF9452CBA3F6D0080104E /* XCRemoteSwiftPackageReference "Alamofire" */;
			productName = Alamofire;
		};
		6C7EF9492CBA3F8D0080104E /* RxBlocking */ = {
			isa = XCSwiftPackageProductDependency;
			package = 6C7EF9482CBA3F8D0080104E /* XCRemoteSwiftPackageReference "RxSwift" */;
			productName = RxBlocking;
		};
		6C7EF94B2CBA3F8D0080104E /* RxCocoa */ = {
			isa = XCSwiftPackageProductDependency;
			package = 6C7EF9482CBA3F8D0080104E /* XCRemoteSwiftPackageReference "RxSwift" */;
			productName = RxCocoa;
		};
		6C7EF94D2CBA3F8D0080104E /* RxRelay */ = {
			isa = XCSwiftPackageProductDependency;
			package = 6C7EF9482CBA3F8D0080104E /* XCRemoteSwiftPackageReference "RxSwift" */;
			productName = RxRelay;
		};
		6C7EF9522CBA3FB30080104E /* RealmSwift */ = {
			isa = XCSwiftPackageProductDependency;
			package = 6C7EF94F2CBA3FB30080104E /* XCRemoteSwiftPackageReference "realm-swift" */;
			productName = RealmSwift;
		};
/* End XCSwiftPackageProductDependency section */
	};
	rootObject = 6C248A6E2CBA15470090A062 /* Project object */;
}
